dependencies:
- name: crds
  repository: ""
  version: 0.0.0
- name: kube-state-metrics
  repository: https://prometheus-community.github.io/helm-charts
  version: 7.2.0
- name: prometheus-node-exporter
  repository: https://prometheus-community.github.io/helm-charts
  version: 4.52.0
- name: grafana
  repository: https://grafana-community.github.io/helm-charts
  version: 11.3.1
- name: prometheus-windows-exporter
  repository: https://prometheus-community.github.io/helm-charts
  version: 0.12.3
digest: sha256:ce449d8dcd2b8ed32b0fdb8e47f0e94a9b19e8ae0f9b017d4f4a0bd9c57b3e30
generated: "2026-03-09T21:36:12.187399739Z"
